{
	"name": "random-bot",
	"version": "1.0.0",
	"lockfileVersion": 3,
	"requires": true,
	"packages": {
		"": {
			"name": "random-bot",
			"version": "1.0.0",
			"devDependencies": {
				"@types/node": "^24.0.3",
				"typescript": "^5.8.3"
			}
		},
		"node_modules/@types/node": {
			"version": "24.0.3",
			"dev": true,
			"license": "MIT",
			"dependencies": {
				"undici-types": "~7.8.0"
			}
		},
		"node_modules/typescript": {
			"version": "5.8.3",
			"dev": true,
			"license": "Apache-2.0",
			"bin": {
				"tsc": "bin/tsc",
				"tsserver": "bin/tsserver"
			},
			"engines": {
				"node": ">=14.17"
			}
		},
		"node_modules/undici-types": {
			"version": "7.8.0",
			"dev": true,
			"license": "MIT"
		}
	}
}
